
Microsoft Visual Studio Solution File, Format Version 12.00
# Visual Studio Version 16
VisualStudioVersion = 16.0.32002.261
MinimumVisualStudioVersion = 10.0.40219.1
Project("{FAE04EC0-301F-11D3-BF4B-00C04F79EFBC}") = "DQS_Test_Package_Error_ver 1.0", "DQS_Test_Package_Error_ver 1.0\DQS_Test_Package_Error_ver 1.0.csproj", "{561D5C28-7256-447E-BA16-03FC93398584}"
EndProject
Global
	GlobalSection(SolutionConfigurationPlatforms) = preSolution
		Debug|Any CPU = Debug|Any CPU
		Release|Any CPU = Release|Any CPU
	EndGlobalSection
	GlobalSection(ProjectConfigurationPlatforms) = postSolution
		{561D5C28-7256-447E-BA16-03FC93398584}.Debug|Any CPU.ActiveCfg = Debug|Any CPU
		{561D5C28-7256-447E-BA16-03FC93398584}.Debug|Any CPU.Build.0 = Debug|Any CPU
		{561D5C28-7256-447E-BA16-03FC93398584}.Release|Any CPU.ActiveCfg = Release|Any CPU
		{561D5C28-7256-447E-BA16-03FC93398584}.Release|Any CPU.Build.0 = Release|Any CPU
	EndGlobalSection
	GlobalSection(SolutionProperties) = preSolution
		HideSolutionNode = FALSE
	EndGlobalSection
	GlobalSection(ExtensibilityGlobals) = postSolution
		SolutionGuid = {8F4A2AAE-0657-44FE-833B-4A0B85ABB805}
	EndGlobalSection
EndGlobal
